
Microsoft Visual Studio Solution File, Format Version 12.00
# Visual Studio Version 17
VisualStudioVersion = 17.10.34928.147
MinimumVisualStudioVersion = 10.0.40219.1
Project("{FAE04EC0-301F-11D3-BF4B-00C04F79EFBC}") = "ProyectoEcuniShopP2", "ProyectoEcuniShopP2.csproj", "{18A2B194-6C88-4CFB-A018-A5269D691871}"
EndProject
Global
	GlobalSection(SolutionConfigurationPlatforms) = preSolution
		Debug|Any CPU = Debug|Any CPU
		Release|Any CPU = Release|Any CPU
	EndGlobalSection
	GlobalSection(ProjectConfigurationPlatforms) = postSolution
		{18A2B194-6C88-4CFB-A018-A5269D691871}.Debug|Any CPU.ActiveCfg = Debug|Any CPU
		{18A2B194-6C88-4CFB-A018-A5269D691871}.Debug|Any CPU.Build.0 = Debug|Any CPU
		{18A2B194-6C88-4CFB-A018-A5269D691871}.Debug|Any CPU.Deploy.0 = Debug|Any CPU
		{18A2B194-6C88-4CFB-A018-A5269D691871}.Release|Any CPU.ActiveCfg = Release|Any CPU
		{18A2B194-6C88-4CFB-A018-A5269D691871}.Release|Any CPU.Build.0 = Release|Any CPU
		{18A2B194-6C88-4CFB-A018-A5269D691871}.Release|Any CPU.Deploy.0 = Release|Any CPU
	EndGlobalSection
	GlobalSection(SolutionProperties) = preSolution
		HideSolutionNode = FALSE
	EndGlobalSection
	GlobalSection(ExtensibilityGlobals) = postSolution
		SolutionGuid = {214E9852-5509-43D5-98B2-446C1DC95D4E}
	EndGlobalSection
EndGlobal
